
Microsoft Visual Studio Solution File, Format Version 12.00
# Visual Studio Version 17
VisualStudioVersion = 17.12.35514.174
MinimumVisualStudioVersion = 10.0.40219.1
Project("{FAE04EC0-301F-11D3-BF4B-00C04F79EFBC}") = "Module_01", "Module_01\Module_01.csproj", "{B0022570-4322-4BBE-BC76-4FD3666A9E3D}"
EndProject
Project("{FAE04EC0-301F-11D3-BF4B-00C04F79EFBC}") = "Module_03", "Module_03\Module_03.csproj", "{4406EF4B-C1C5-476E-9A9D-8415CD136AD6}"
EndProject
Project("{FAE04EC0-301F-11D3-BF4B-00C04F79EFBC}") = "Module_04", "Module_04\Module_04.csproj", "{0EBEADDA-7855-4D27-B1E6-B91EB5F4D7B6}"
EndProject
Project("{FAE04EC0-301F-11D3-BF4B-00C04F79EFBC}") = "Module_05", "Module_05\Module_05.csproj", "{8431C68C-EE5A-4AE8-9C8C-F632D7EA05E7}"
EndProject
Project("{FAE04EC0-301F-11D3-BF4B-00C04F79EFBC}") = "HelloUbuntu", "HelloUbuntu\HelloUbuntu.csproj", "{B0D464D1-DAD3-40D2-A824-29A5BBB0EA88}"
EndProject
Project("{FAE04EC0-301F-11D3-BF4B-00C04F79EFBC}") = "Module_06", "Module_06\Module_06.csproj", "{C69F4C8A-9690-4069-A2DB-0FD286B0F4CC}"
EndProject
Project("{FAE04EC0-301F-11D3-BF4B-00C04F79EFBC}") = "Module_07", "Module_07\Module_07.csproj", "{FE9BBFEE-F4A2-474D-87E6-F96F06E200F1}"
EndProject
Project("{FAE04EC0-301F-11D3-BF4B-00C04F79EFBC}") = "Module_08", "Module_08\Module_08.csproj", "{2E2A064E-6B4E-4422-BA08-FEFD7BAAD565}"
EndProject
Global
	GlobalSection(SolutionConfigurationPlatforms) = preSolution
		Debug|Any CPU = Debug|Any CPU
		Release|Any CPU = Release|Any CPU
	EndGlobalSection
	GlobalSection(ProjectConfigurationPlatforms) = postSolution
		{B0022570-4322-4BBE-BC76-4FD3666A9E3D}.Debug|Any CPU.ActiveCfg = Debug|Any CPU
		{B0022570-4322-4BBE-BC76-4FD3666A9E3D}.Debug|Any CPU.Build.0 = Debug|Any CPU
		{B0022570-4322-4BBE-BC76-4FD3666A9E3D}.Release|Any CPU.ActiveCfg = Release|Any CPU
		{B0022570-4322-4BBE-BC76-4FD3666A9E3D}.Release|Any CPU.Build.0 = Release|Any CPU
		{4406EF4B-C1C5-476E-9A9D-8415CD136AD6}.Debug|Any CPU.ActiveCfg = Debug|Any CPU
		{4406EF4B-C1C5-476E-9A9D-8415CD136AD6}.Debug|Any CPU.Build.0 = Debug|Any CPU
		{4406EF4B-C1C5-476E-9A9D-8415CD136AD6}.Release|Any CPU.ActiveCfg = Release|Any CPU
		{4406EF4B-C1C5-476E-9A9D-8415CD136AD6}.Release|Any CPU.Build.0 = Release|Any CPU
		{0EBEADDA-7855-4D27-B1E6-B91EB5F4D7B6}.Debug|Any CPU.ActiveCfg = Debug|Any CPU
		{0EBEADDA-7855-4D27-B1E6-B91EB5F4D7B6}.Debug|Any CPU.Build.0 = Debug|Any CPU
		{0EBEADDA-7855-4D27-B1E6-B91EB5F4D7B6}.Release|Any CPU.ActiveCfg = Release|Any CPU
		{0EBEADDA-7855-4D27-B1E6-B91EB5F4D7B6}.Release|Any CPU.Build.0 = Release|Any CPU
		{8431C68C-EE5A-4AE8-9C8C-F632D7EA05E7}.Debug|Any CPU.ActiveCfg = Debug|Any CPU
		{8431C68C-EE5A-4AE8-9C8C-F632D7EA05E7}.Debug|Any CPU.Build.0 = Debug|Any CPU
		{8431C68C-EE5A-4AE8-9C8C-F632D7EA05E7}.Release|Any CPU.ActiveCfg = Release|Any CPU
		{8431C68C-EE5A-4AE8-9C8C-F632D7EA05E7}.Release|Any CPU.Build.0 = Release|Any CPU
		{B0D464D1-DAD3-40D2-A824-29A5BBB0EA88}.Debug|Any CPU.ActiveCfg = Debug|Any CPU
		{B0D464D1-DAD3-40D2-A824-29A5BBB0EA88}.Debug|Any CPU.Build.0 = Debug|Any CPU
		{B0D464D1-DAD3-40D2-A824-29A5BBB0EA88}.Release|Any CPU.ActiveCfg = Release|Any CPU
		{B0D464D1-DAD3-40D2-A824-29A5BBB0EA88}.Release|Any CPU.Build.0 = Release|Any CPU
		{C69F4C8A-9690-4069-A2DB-0FD286B0F4CC}.Debug|Any CPU.ActiveCfg = Debug|Any CPU
		{C69F4C8A-9690-4069-A2DB-0FD286B0F4CC}.Debug|Any CPU.Build.0 = Debug|Any CPU
		{C69F4C8A-9690-4069-A2DB-0FD286B0F4CC}.Release|Any CPU.ActiveCfg = Release|Any CPU
		{C69F4C8A-9690-4069-A2DB-0FD286B0F4CC}.Release|Any CPU.Build.0 = Release|Any CPU
		{FE9BBFEE-F4A2-474D-87E6-F96F06E200F1}.Debug|Any CPU.ActiveCfg = Debug|Any CPU
		{FE9BBFEE-F4A2-474D-87E6-F96F06E200F1}.Debug|Any CPU.Build.0 = Debug|Any CPU
		{FE9BBFEE-F4A2-474D-87E6-F96F06E200F1}.Release|Any CPU.ActiveCfg = Release|Any CPU
		{FE9BBFEE-F4A2-474D-87E6-F96F06E200F1}.Release|Any CPU.Build.0 = Release|Any CPU
		{2E2A064E-6B4E-4422-BA08-FEFD7BAAD565}.Debug|Any CPU.ActiveCfg = Debug|Any CPU
		{2E2A064E-6B4E-4422-BA08-FEFD7BAAD565}.Debug|Any CPU.Build.0 = Debug|Any CPU
		{2E2A064E-6B4E-4422-BA08-FEFD7BAAD565}.Release|Any CPU.ActiveCfg = Release|Any CPU
		{2E2A064E-6B4E-4422-BA08-FEFD7BAAD565}.Release|Any CPU.Build.0 = Release|Any CPU
	EndGlobalSection
	GlobalSection(SolutionProperties) = preSolution
		HideSolutionNode = FALSE
	EndGlobalSection
EndGlobal
